
Microsoft Visual Studio Solution File, Format Version 12.00
# Visual Studio Version 17
VisualStudioVersion = 17.11.35312.102
MinimumVisualStudioVersion = 10.0.40219.1
Project("{FAE04EC0-301F-11D3-BF4B-00C04F79EFBC}") = "TestsApp", "TestsApp.csproj", "{845D909E-3D43-4662-BE2B-538D827EB783}"
EndProject
Global
	GlobalSection(SolutionConfigurationPlatforms) = preSolution
		Debug|Any CPU = Debug|Any CPU
		Release|Any CPU = Release|Any CPU
	EndGlobalSection
	GlobalSection(ProjectConfigurationPlatforms) = postSolution
		{845D909E-3D43-4662-BE2B-538D827EB783}.Debug|Any CPU.ActiveCfg = Debug|Any CPU
		{845D909E-3D43-4662-BE2B-538D827EB783}.Debug|Any CPU.Build.0 = Debug|Any CPU
		{845D909E-3D43-4662-BE2B-538D827EB783}.Release|Any CPU.ActiveCfg = Release|Any CPU
		{845D909E-3D43-4662-BE2B-538D827EB783}.Release|Any CPU.Build.0 = Release|Any CPU
	EndGlobalSection
	GlobalSection(SolutionProperties) = preSolution
		HideSolutionNode = FALSE
	EndGlobalSection
	GlobalSection(ExtensibilityGlobals) = postSolution
		SolutionGuid = {548022A0-5D95-4756-8F20-0BBDE701D908}
	EndGlobalSection
EndGlobal
